
Microsoft Visual Studio Solution File, Format Version 12.00
# Visual Studio 15
VisualStudioVersion = 15.0.28307.136
MinimumVisualStudioVersion = 10.0.40219.1
Project("{FAE04EC0-301F-11D3-BF4B-00C04F79EFBC}") = "CosmosDBCreate", "CosmosDBCreate\CosmosDBCreate.csproj", "{EB91BFC4-04BD-48D6-845E-39FD78FAAC39}"
EndProject
Global
	GlobalSection(SolutionConfigurationPlatforms) = preSolution
		Debug|Any CPU = Debug|Any CPU
		Release|Any CPU = Release|Any CPU
	EndGlobalSection
	GlobalSection(ProjectConfigurationPlatforms) = postSolution
		{EB91BFC4-04BD-48D6-845E-39FD78FAAC39}.Debug|Any CPU.ActiveCfg = Debug|Any CPU
		{EB91BFC4-04BD-48D6-845E-39FD78FAAC39}.Debug|Any CPU.Build.0 = Debug|Any CPU
		{EB91BFC4-04BD-48D6-845E-39FD78FAAC39}.Release|Any CPU.ActiveCfg = Release|Any CPU
		{EB91BFC4-04BD-48D6-845E-39FD78FAAC39}.Release|Any CPU.Build.0 = Release|Any CPU
	EndGlobalSection
	GlobalSection(SolutionProperties) = preSolution
		HideSolutionNode = FALSE
	EndGlobalSection
	GlobalSection(ExtensibilityGlobals) = postSolution
		SolutionGuid = {77AC5C43-60C2-41C4-BCBD-FB0486C68896}
	EndGlobalSection
EndGlobal
