
Microsoft Visual Studio Solution File, Format Version 12.00
# Visual Studio 15
VisualStudioVersion = 15.0.28307.168
MinimumVisualStudioVersion = 10.0.40219.1
Project("{FAE04EC0-301F-11D3-BF4B-00C04F79EFBC}") = "TranslateSpeechConsole", "TranslateSpeechConsole\TranslateSpeechConsole.csproj", "{216B33AA-B88D-4620-BA28-E13FE28AC71D}"
EndProject
Global
	GlobalSection(SolutionConfigurationPlatforms) = preSolution
		Debug|Any CPU = Debug|Any CPU
		Release|Any CPU = Release|Any CPU
	EndGlobalSection
	GlobalSection(ProjectConfigurationPlatforms) = postSolution
		{216B33AA-B88D-4620-BA28-E13FE28AC71D}.Debug|Any CPU.ActiveCfg = Debug|Any CPU
		{216B33AA-B88D-4620-BA28-E13FE28AC71D}.Debug|Any CPU.Build.0 = Debug|Any CPU
		{216B33AA-B88D-4620-BA28-E13FE28AC71D}.Release|Any CPU.ActiveCfg = Release|Any CPU
		{216B33AA-B88D-4620-BA28-E13FE28AC71D}.Release|Any CPU.Build.0 = Release|Any CPU
	EndGlobalSection
	GlobalSection(SolutionProperties) = preSolution
		HideSolutionNode = FALSE
	EndGlobalSection
	GlobalSection(ExtensibilityGlobals) = postSolution
		SolutionGuid = {44D46F64-40A9-42AF-AE0A-664C9B84E2EB}
	EndGlobalSection
EndGlobal
