
Microsoft Visual Studio Solution File, Format Version 12.00
# Visual Studio 15
VisualStudioVersion = 15.0.28307.168
MinimumVisualStudioVersion = 10.0.40219.1
Project("{FAE04EC0-301F-11D3-BF4B-00C04F79EFBC}") = "RecognizeTextConsole", "RecognizeTextConsole\RecognizeTextConsole.csproj", "{920EB945-0525-42CD-AD29-31727654A18A}"
EndProject
Global
	GlobalSection(SolutionConfigurationPlatforms) = preSolution
		Debug|Any CPU = Debug|Any CPU
		Release|Any CPU = Release|Any CPU
	EndGlobalSection
	GlobalSection(ProjectConfigurationPlatforms) = postSolution
		{920EB945-0525-42CD-AD29-31727654A18A}.Debug|Any CPU.ActiveCfg = Debug|Any CPU
		{920EB945-0525-42CD-AD29-31727654A18A}.Debug|Any CPU.Build.0 = Debug|Any CPU
		{920EB945-0525-42CD-AD29-31727654A18A}.Release|Any CPU.ActiveCfg = Release|Any CPU
		{920EB945-0525-42CD-AD29-31727654A18A}.Release|Any CPU.Build.0 = Release|Any CPU
	EndGlobalSection
	GlobalSection(SolutionProperties) = preSolution
		HideSolutionNode = FALSE
	EndGlobalSection
	GlobalSection(ExtensibilityGlobals) = postSolution
		SolutionGuid = {3A0B35D1-049B-4BE7-B42E-559E508B85BA}
	EndGlobalSection
EndGlobal
