
Microsoft Visual Studio Solution File, Format Version 12.00
# Visual Studio 15
VisualStudioVersion = 15.0.28307.168
MinimumVisualStudioVersion = 10.0.40219.1
Project("{FAE04EC0-301F-11D3-BF4B-00C04F79EFBC}") = "TextAnalyticsConsole", "TextAnalyticsConsole\TextAnalyticsConsole.csproj", "{127BE547-CD0B-4483-BA1A-FCD414C64FA0}"
EndProject
Global
	GlobalSection(SolutionConfigurationPlatforms) = preSolution
		Debug|Any CPU = Debug|Any CPU
		Release|Any CPU = Release|Any CPU
	EndGlobalSection
	GlobalSection(ProjectConfigurationPlatforms) = postSolution
		{127BE547-CD0B-4483-BA1A-FCD414C64FA0}.Debug|Any CPU.ActiveCfg = Debug|Any CPU
		{127BE547-CD0B-4483-BA1A-FCD414C64FA0}.Debug|Any CPU.Build.0 = Debug|Any CPU
		{127BE547-CD0B-4483-BA1A-FCD414C64FA0}.Release|Any CPU.ActiveCfg = Release|Any CPU
		{127BE547-CD0B-4483-BA1A-FCD414C64FA0}.Release|Any CPU.Build.0 = Release|Any CPU
	EndGlobalSection
	GlobalSection(SolutionProperties) = preSolution
		HideSolutionNode = FALSE
	EndGlobalSection
	GlobalSection(ExtensibilityGlobals) = postSolution
		SolutionGuid = {86BEA335-7C09-46B5-B821-22D37C9C7113}
	EndGlobalSection
EndGlobal
